
Microsoft Visual Studio Solution File, Format Version 12.00
Project("{FAE04EC0-301F-11D3-BF4B-00C04F79EFBC}") = "testing", "testing\testing.csproj", "{BB165AD5-9E3A-4CCB-A795-7B218E28D1DE}"
EndProject
Global
	GlobalSection(SolutionConfigurationPlatforms) = preSolution
		Debug|Any CPU = Debug|Any CPU
		Release|Any CPU = Release|Any CPU
	EndGlobalSection
	GlobalSection(ProjectConfigurationPlatforms) = postSolution
		{BB165AD5-9E3A-4CCB-A795-7B218E28D1DE}.Debug|Any CPU.ActiveCfg = Debug|Any CPU
		{BB165AD5-9E3A-4CCB-A795-7B218E28D1DE}.Debug|Any CPU.Build.0 = Debug|Any CPU
		{BB165AD5-9E3A-4CCB-A795-7B218E28D1DE}.Release|Any CPU.ActiveCfg = Release|Any CPU
		{BB165AD5-9E3A-4CCB-A795-7B218E28D1DE}.Release|Any CPU.Build.0 = Release|Any CPU
	EndGlobalSection
EndGlobal
